// !$*UTF8*$!
{
	archiveVersion = 1;
	classes = {
	};
	objectVersion = 50;
	objects = {

/* Begin PBXBuildFile section */
		A95ED4FC257F4A9A00D902EC /* AppDelegate.swift in Sources */ = {isa = PBXBuildFile; fileRef = A95ED4FB257F4A9A00D902EC /* AppDelegate.swift */; };
		A95ED4FE257F4A9A00D902EC /* SceneDelegate.swift in Sources */ = {isa = PBXBuildFile; fileRef = A95ED4FD257F4A9A00D902EC /* SceneDelegate.swift */; };
		A95ED500257F4A9A00D902EC /* ViewController.swift in Sources */ = {isa = PBXBuildFile; fileRef = A95ED4FF257F4A9A00D902EC /* ViewController.swift */; };
		A95ED503257F4A9A00D902EC /* Main.storyboard in Resources */ = {isa = PBXBuildFile; fileRef = A95ED501257F4A9A00D902EC /* Main.storyboard */; };
		A95ED506257F4A9A00D902EC /* MINWRD.xcdatamodeld in Sources */ = {isa = PBXBuildFile; fileRef = A95ED504257F4A9A00D902EC /* MINWRD.xcdatamodeld */; };
		A95ED508257F4A9C00D902EC /* Assets.xcassets in Resources */ = {isa = PBXBuildFile; fileRef = A95ED507257F4A9C00D902EC /* Assets.xcassets */; };
		A95ED50B257F4A9C00D902EC /* LaunchScreen.storyboard in Resources */ = {isa = PBXBuildFile; fileRef = A95ED509257F4A9C00D902EC /* LaunchScreen.storyboard */; };
		A95ED5252584C3F200D902EC /* UIViewControllerExt.swift in Sources */ = {isa = PBXBuildFile; fileRef = A95ED5242584C3F200D902EC /* UIViewControllerExt.swift */; };
/* End PBXBuildFile section */

/* Begin PBXFileReference section */
		A95ED4F8257F4A9A00D902EC /* MINWRD.app */ = {isa = PBXFileReference; explicitFileType = wrapper.application; includeInIndex = 0; path = MINWRD.app; sourceTree = BUILT_PRODUCTS_DIR; };
		A95ED4FB257F4A9A00D902EC /* AppDelegate.swift */ = {isa = PBXFileReference; lastKnownFileType = sourcecode.swift; path = AppDelegate.swift; sourceTree = "<group>"; };
		A95ED4FD257F4A9A00D902EC /* SceneDelegate.swift */ = {isa = PBXFileReference; lastKnownFileType = sourcecode.swift; path = SceneDelegate.swift; sourceTree = "<group>"; };
		A95ED4FF257F4A9A00D902EC /* ViewController.swift */ = {isa = PBXFileReference; lastKnownFileType = sourcecode.swift; path = ViewController.swift; sourceTree = "<group>"; };
		A95ED502257F4A9A00D902EC /* Base */ = {isa = PBXFileReference; lastKnownFileType = file.storyboard; name = Base; path = Base.lproj/Main.storyboard; sourceTree = "<group>"; };
		A95ED505257F4A9A00D902EC /* MINWRD.xcdatamodel */ = {isa = PBXFileReference; lastKnownFileType = wrapper.xcdatamodel; path = MINWRD.xcdatamodel; sourceTree = "<group>"; };
		A95ED507257F4A9C00D902EC /* Assets.xcassets */ = {isa = PBXFileReference; lastKnownFileType = folder.assetcatalog; path = Assets.xcassets; sourceTree = "<group>"; };
		A95ED50A257F4A9C00D902EC /* Base */ = {isa = PBXFileReference; lastKnownFileType = file.storyboard; name = Base; path = Base.lproj/LaunchScreen.storyboard; sourceTree = "<group>"; };
		A95ED50C257F4A9C00D902EC /* Info.plist */ = {isa = PBXFileReference; lastKnownFileType = text.plist.xml; path = Info.plist; sourceTree = "<group>"; };
		A95ED5242584C3F200D902EC /* UIViewControllerExt.swift */ = {isa = PBXFileReference; fileEncoding = 4; lastKnownFileType = sourcecode.swift; name = UIViewControllerExt.swift; path = ../../MINRND/MINRND/UIViewControllerExt.swift; sourceTree = "<group>"; };
/* End PBXFileReference section */

/* Begin PBXFrameworksBuildPhase section */
		A95ED4F5257F4A9A00D902EC /* Frameworks */ = {
			isa = PBXFrameworksBuildPhase;
			buildActionMask = 2147483647;
			files = (
			);
			runOnlyForDeploymentPostprocessing = 0;
		};
/* End PBXFrameworksBuildPhase section */

/* Begin PBXGroup section */
		A95ED4EF257F4A9A00D902EC = {
			isa = PBXGroup;
			children = (
				A95ED4FA257F4A9A00D902EC /* MINWRD */,
				A95ED4F9257F4A9A00D902EC /* Products */,
			);
			sourceTree = "<group>";
		};
		A95ED4F9257F4A9A00D902EC /* Products */ = {
			isa = PBXGroup;
			children = (
				A95ED4F8257F4A9A00D902EC /* MINWRD.app */,
			);
			name = Products;
			sourceTree = "<group>";
		};
		A95ED4FA257F4A9A00D902EC /* MINWRD */ = {
			isa = PBXGroup;
			children = (
				A95ED5242584C3F200D902EC /* UIViewControllerExt.swift */,
				A95ED4FB257F4A9A00D902EC /* AppDelegate.swift */,
				A95ED4FD257F4A9A00D902EC /* SceneDelegate.swift */,
				A95ED4FF257F4A9A00D902EC /* ViewController.swift */,
				A95ED501257F4A9A00D902EC /* Main.storyboard */,
				A95ED507257F4A9C00D902EC /* Assets.xcassets */,
				A95ED509257F4A9C00D902EC /* LaunchScreen.storyboard */,
				A95ED50C257F4A9C00D902EC /* Info.plist */,
				A95ED504257F4A9A00D902EC /* MINWRD.xcdatamodeld */,
			);
			path = MINWRD;
			sourceTree = "<group>";
		};
/* End PBXGroup section */

/* Begin PBXNativeTarget section */
		A95ED4F7257F4A9A00D902EC /* MINWRD */ = {
			isa = PBXNativeTarget;
			buildConfigurationList = A95ED50F257F4A9C00D902EC /* Build configuration list for PBXNativeTarget "MINWRD" */;
			buildPhases = (
				A95ED4F4257F4A9A00D902EC /* Sources */,
				A95ED4F5257F4A9A00D902EC /* Frameworks */,
				A95ED4F6257F4A9A00D902EC /* Resources */,
			);
			buildRules = (
			);
			dependencies = (
			);
			name = MINWRD;
			productName = MINWRD;
			productReference = A95ED4F8257F4A9A00D902EC /* MINWRD.app */;
			productType = "com.apple.product-type.application";
		};
/* End PBXNativeTarget section */

/* Begin PBXProject section */
		A95ED4F0257F4A9A00D902EC /* Project object */ = {
			isa = PBXProject;
			attributes = {
				LastSwiftUpdateCheck = 1220;
				LastUpgradeCheck = 1220;
				TargetAttributes = {
					A95ED4F7257F4A9A00D902EC = {
						CreatedOnToolsVersion = 12.2;
					};
				};
			};
			buildConfigurationList = A95ED4F3257F4A9A00D902EC /* Build configuration list for PBXProject "MINWRD" */;
			compatibilityVersion = "Xcode 9.3";
			developmentRegion = en;
			hasScannedForEncodings = 0;
			knownRegions = (
				en,
				Base,
			);
			mainGroup = A95ED4EF257F4A9A00D902EC;
			productRefGroup = A95ED4F9257F4A9A00D902EC /* Products */;
			projectDirPath = "";
			projectRoot = "";
			targets = (
				A95ED4F7257F4A9A00D902EC /* MINWRD */,
			);
		};
/* End PBXProject section */

/* Begin PBXResourcesBuildPhase section */
		A95ED4F6257F4A9A00D902EC /* Resources */ = {
			isa = PBXResourcesBuildPhase;
			buildActionMask = 2147483647;
			files = (
				A95ED50B257F4A9C00D902EC /* LaunchScreen.storyboard in Resources */,
				A95ED508257F4A9C00D902EC /* Assets.xcassets in Resources */,
				A95ED503257F4A9A00D902EC /* Main.storyboard in Resources */,
			);
			runOnlyForDeploymentPostprocessing = 0;
		};
/* End PBXResourcesBuildPhase section */

/* Begin PBXSourcesBuildPhase section */
		A95ED4F4257F4A9A00D902EC /* Sources */ = {
			isa = PBXSourcesBuildPhase;
			buildActionMask = 2147483647;
			files = (
				A95ED5252584C3F200D902EC /* UIViewControllerExt.swift in Sources */,
				A95ED506257F4A9A00D902EC /* MINWRD.xcdatamodeld in Sources */,
				A95ED500257F4A9A00D902EC /* ViewController.swift in Sources */,
				A95ED4FC257F4A9A00D902EC /* AppDelegate.swift in Sources */,
				A95ED4FE257F4A9A00D902EC /* SceneDelegate.swift in Sources */,
			);
			runOnlyForDeploymentPostprocessing = 0;
		};
/* End PBXSourcesBuildPhase section */

/* Begin PBXVariantGroup section */
		A95ED501257F4A9A00D902EC /* Main.storyboard */ = {
			isa = PBXVariantGroup;
			children = (
				A95ED502257F4A9A00D902EC /* Base */,
			);
			name = Main.storyboard;
			sourceTree = "<group>";
		};
		A95ED509257F4A9C00D902EC /* LaunchScreen.storyboard */ = {
			isa = PBXVariantGroup;
			children = (
				A95ED50A257F4A9C00D902EC /* Base */,
			);
			name = LaunchScreen.storyboard;
			sourceTree = "<group>";
		};
/* End PBXVariantGroup section */

/* Begin XCBuildConfiguration section */
		A95ED50D257F4A9C00D902EC /* Debug */ = {
			isa = XCBuildConfiguration;
			buildSettings = {
				ALWAYS_SEARCH_USER_PATHS = NO;
				CLANG_ANALYZER_NONNULL = YES;
				CLANG_ANALYZER_NUMBER_OBJECT_CONVERSION = YES_AGGRESSIVE;
				CLANG_CXX_LANGUAGE_STANDARD = "gnu++14";
				CLANG_CXX_LIBRARY = "libc++";
				CLANG_ENABLE_MODULES = YES;
				CLANG_ENABLE_OBJC_ARC = YES;
				CLANG_ENABLE_OBJC_WEAK = YES;
				CLANG_WARN_BLOCK_CAPTURE_AUTORELEASING = YES;
				CLANG_WARN_BOOL_CONVERSION = YES;
				CLANG_WARN_COMMA = YES;
				CLANG_WARN_CONSTANT_CONVERSION = YES;
				CLANG_WARN_DEPRECATED_OBJC_IMPLEMENTATIONS = YES;
				CLANG_WARN_DIRECT_OBJC_ISA_USAGE = YES_ERROR;
				CLANG_WARN_DOCUMENTATION_COMMENTS = YES;
				CLANG_WARN_EMPTY_BODY = YES;
				CLANG_WARN_ENUM_CONVERSION = YES;
				CLANG_WARN_INFINITE_RECURSION = YES;
				CLANG_WARN_INT_CONVERSION = YES;
				CLANG_WARN_NON_LITERAL_NULL_CONVERSION = YES;
				CLANG_WARN_OBJC_IMPLICIT_RETAIN_SELF = YES;
				CLANG_WARN_OBJC_LITERAL_CONVERSION = YES;
				CLANG_WARN_OBJC_ROOT_CLASS = YES_ERROR;
				CLANG_WARN_QUOTED_INCLUDE_IN_FRAMEWORK_HEADER = YES;
				CLANG_WARN_RANGE_LOOP_ANALYSIS = YES;
				CLANG_WARN_STRICT_PROTOTYPES = YES;
				CLANG_WARN_SUSPICIOUS_MOVE = YES;
				CLANG_WARN_UNGUARDED_AVAILABILITY = YES_AGGRESSIVE;
				CLANG_WARN_UNREACHABLE_CODE = YES;
				CLANG_WARN__DUPLICATE_METHOD_MATCH = YES;
				COPY_PHASE_STRIP = NO;
				DEBUG_INFORMATION_FORMAT = dwarf;
				ENABLE_STRICT_OBJC_MSGSEND = YES;
				ENABLE_TESTABILITY = YES;
				GCC_C_LANGUAGE_STANDARD = gnu11;
				GCC_DYNAMIC_NO_PIC = NO;
				GCC_NO_COMMON_BLOCKS = YES;
				GCC_OPTIMIZATION_LEVEL = 0;
				GCC_PREPROCESSOR_DEFINITIONS = (
					"DEBUG=1",
					"$(inherited)",
				);
				GCC_WARN_64_TO_32_BIT_CONVERSION = YES;
				GCC_WARN_ABOUT_RETURN_TYPE = YES_ERROR;
				GCC_WARN_UNDECLARED_SELECTOR = YES;
				GCC_WARN_UNINITIALIZED_AUTOS = YES_AGGRESSIVE;
				GCC_WARN_UNUSED_FUNCTION = YES;
				GCC_WARN_UNUSED_VARIABLE = YES;
				IPHONEOS_DEPLOYMENT_TARGET = 14.2;
				MTL_ENABLE_DEBUG_INFO = INCLUDE_SOURCE;
				MTL_FAST_MATH = YES;
				ONLY_ACTIVE_ARCH = YES;
				SDKROOT = iphoneos;
				SWIFT_ACTIVE_COMPILATION_CONDITIONS = DEBUG;
				SWIFT_OPTIMIZATION_LEVEL = "-Onone";
			};
			name = Debug;
		};
		A95ED50E257F4A9C00D902EC /* Release */ = {
			isa = XCBuildConfiguration;
			buildSettings = {
				ALWAYS_SEARCH_USER_PATHS = NO;
				CLANG_ANALYZER_NONNULL = YES;
				CLANG_ANALYZER_NUMBER_OBJECT_CONVERSION = YES_AGGRESSIVE;
				CLANG_CXX_LANGUAGE_STANDARD = "gnu++14";
				CLANG_CXX_LIBRARY = "libc++";
				CLANG_ENABLE_MODULES = YES;
				CLANG_ENABLE_OBJC_ARC = YES;
				CLANG_ENABLE_OBJC_WEAK = YES;
				CLANG_WARN_BLOCK_CAPTURE_AUTORELEASING = YES;
				CLANG_WARN_BOOL_CONVERSION = YES;
				CLANG_WARN_COMMA = YES;
				CLANG_WARN_CONSTANT_CONVERSION = YES;
				CLANG_WARN_DEPRECATED_OBJC_IMPLEMENTATIONS = YES;
				CLANG_WARN_DIRECT_OBJC_ISA_USAGE = YES_ERROR;
				CLANG_WARN_DOCUMENTATION_COMMENTS = YES;
				CLANG_WARN_EMPTY_BODY = YES;
				CLANG_WARN_ENUM_CONVERSION = YES;
				CLANG_WARN_INFINITE_RECURSION = YES;
				CLANG_WARN_INT_CONVERSION = YES;
				CLANG_WARN_NON_LITERAL_NULL_CONVERSION = YES;
				CLANG_WARN_OBJC_IMPLICIT_RETAIN_SELF = YES;
				CLANG_WARN_OBJC_LITERAL_CONVERSION = YES;
				CLANG_WARN_OBJC_ROOT_CLASS = YES_ERROR;
				CLANG_WARN_QUOTED_INCLUDE_IN_FRAMEWORK_HEADER = YES;
				CLANG_WARN_RANGE_LOOP_ANALYSIS = YES;
				CLANG_WARN_STRICT_PROTOTYPES = YES;
				CLANG_WARN_SUSPICIOUS_MOVE = YES;
				CLANG_WARN_UNGUARDED_AVAILABILITY = YES_AGGRESSIVE;
				CLANG_WARN_UNREACHABLE_CODE = YES;
				CLANG_WARN__DUPLICATE_METHOD_MATCH = YES;
				COPY_PHASE_STRIP = NO;
				DEBUG_INFORMATION_FORMAT = "dwarf-with-dsym";
				ENABLE_NS_ASSERTIONS = NO;
				ENABLE_STRICT_OBJC_MSGSEND = YES;
				GCC_C_LANGUAGE_STANDARD = gnu11;
				GCC_NO_COMMON_BLOCKS = YES;
				GCC_WARN_64_TO_32_BIT_CONVERSION = YES;
				GCC_WARN_ABOUT_RETURN_TYPE = YES_ERROR;
				GCC_WARN_UNDECLARED_SELECTOR = YES;
				GCC_WARN_UNINITIALIZED_AUTOS = YES_AGGRESSIVE;
				GCC_WARN_UNUSED_FUNCTION = YES;
				GCC_WARN_UNUSED_VARIABLE = YES;
				IPHONEOS_DEPLOYMENT_TARGET = 14.2;
				MTL_ENABLE_DEBUG_INFO = NO;
				MTL_FAST_MATH = YES;
				SDKROOT = iphoneos;
				SWIFT_COMPILATION_MODE = wholemodule;
				SWIFT_OPTIMIZATION_LEVEL = "-O";
				VALIDATE_PRODUCT = YES;
			};
			name = Release;
		};
		A95ED510257F4A9C00D902EC /* Debug */ = {
			isa = XCBuildConfiguration;
			buildSettings = {
				ASSETCATALOG_COMPILER_APPICON_NAME = "AppIcon-1";
				ASSETCATALOG_COMPILER_GLOBAL_ACCENT_COLOR_NAME = AccentColor;
				CODE_SIGN_STYLE = Automatic;
				DEVELOPMENT_TEAM = 9BV27BA45C;
				INFOPLIST_FILE = MINWRD/Info.plist;
				LD_RUNPATH_SEARCH_PATHS = (
					"$(inherited)",
					"@executable_path/Frameworks",
				);
				PRODUCT_BUNDLE_IDENTIFIER = co.madhavs.MINWRD;
				PRODUCT_NAME = "$(TARGET_NAME)";
				SWIFT_VERSION = 5.0;
				TARGETED_DEVICE_FAMILY = "1,2";
			};
			name = Debug;
		};
		A95ED511257F4A9C00D902EC /* Release */ = {
			isa = XCBuildConfiguration;
			buildSettings = {
				ASSETCATALOG_COMPILER_APPICON_NAME = "AppIcon-1";
				ASSETCATALOG_COMPILER_GLOBAL_ACCENT_COLOR_NAME = AccentColor;
				CODE_SIGN_STYLE = Automatic;
				DEVELOPMENT_TEAM = 9BV27BA45C;
				INFOPLIST_FILE = MINWRD/Info.plist;
				LD_RUNPATH_SEARCH_PATHS = (
					"$(inherited)",
					"@executable_path/Frameworks",
				);
				PRODUCT_BUNDLE_IDENTIFIER = co.madhavs.MINWRD;
				PRODUCT_NAME = "$(TARGET_NAME)";
				SWIFT_VERSION = 5.0;
				TARGETED_DEVICE_FAMILY = "1,2";
			};
			name = Release;
		};
/* End XCBuildConfiguration section */

/* Begin XCConfigurationList section */
		A95ED4F3257F4A9A00D902EC /* Build configuration list for PBXProject "MINWRD" */ = {
			isa = XCConfigurationList;
			buildConfigurations = (
				A95ED50D257F4A9C00D902EC /* Debug */,
				A95ED50E257F4A9C00D902EC /* Release */,
			);
			defaultConfigurationIsVisible = 0;
			defaultConfigurationName = Release;
		};
		A95ED50F257F4A9C00D902EC /* Build configuration list for PBXNativeTarget "MINWRD" */ = {
			isa = XCConfigurationList;
			buildConfigurations = (
				A95ED510257F4A9C00D902EC /* Debug */,
				A95ED511257F4A9C00D902EC /* Release */,
			);
			defaultConfigurationIsVisible = 0;
			defaultConfigurationName = Release;
		};
/* End XCConfigurationList section */

/* Begin XCVersionGroup section */
		A95ED504257F4A9A00D902EC /* MINWRD.xcdatamodeld */ = {
			isa = XCVersionGroup;
			children = (
				A95ED505257F4A9A00D902EC /* MINWRD.xcdatamodel */,
			);
			currentVersion = A95ED505257F4A9A00D902EC /* MINWRD.xcdatamodel */;
			path = MINWRD.xcdatamodeld;
			sourceTree = "<group>";
			versionGroupType = wrapper.xcdatamodel;
		};
/* End XCVersionGroup section */
	};
	rootObject = A95ED4F0257F4A9A00D902EC /* Project object */;
}
